
Microsoft Visual Studio Solution File, Format Version 12.00
Project("{2150E333-8FDC-42A3-9474-1A3956D46DE8}") = "src", "src", "{3E624DFA-D7F6-4570-AC1B-950B003E9EC1}"
EndProject
Project("{2150E333-8FDC-42A3-9474-1A3956D46DE8}") = "Core", "Core", "{70717D55-6D09-45F4-8F72-867E0D86736D}"
EndProject
Project("{2150E333-8FDC-42A3-9474-1A3956D46DE8}") = "API", "API", "{6787CBD4-17C6-4152-A50B-0311D05B3FFE}"
EndProject
Project("{2150E333-8FDC-42A3-9474-1A3956D46DE8}") = "Infrastructure", "Infrastructure", "{BBAC2ADD-5189-4516-BFAE-8A21226D8841}"
EndProject
Project("{2150E333-8FDC-42A3-9474-1A3956D46DE8}") = "UI", "UI", "{8FDF899B-B930-4334-920C-46C651377D4C}"
EndProject
Project("{2150E333-8FDC-42A3-9474-1A3956D46DE8}") = "test", "test", "{F33A4CA0-5D5F-48BB-B5F4-FC499C1DE662}"
EndProject
Project("{FAE04EC0-301F-11D3-BF4B-00C04F79EFBC}") = "MintyEventSystem.Domain", "MintyEventSystem.Domain\MintyEventSystem.Domain.csproj", "{A00B2DB9-1F71-46D8-843E-205B28F0B52F}"
EndProject
Global
	GlobalSection(SolutionConfigurationPlatforms) = preSolution
		Debug|Any CPU = Debug|Any CPU
		Release|Any CPU = Release|Any CPU
	EndGlobalSection
	GlobalSection(NestedProjects) = preSolution
		{70717D55-6D09-45F4-8F72-867E0D86736D} = {3E624DFA-D7F6-4570-AC1B-950B003E9EC1}
		{6787CBD4-17C6-4152-A50B-0311D05B3FFE} = {3E624DFA-D7F6-4570-AC1B-950B003E9EC1}
		{BBAC2ADD-5189-4516-BFAE-8A21226D8841} = {3E624DFA-D7F6-4570-AC1B-950B003E9EC1}
		{8FDF899B-B930-4334-920C-46C651377D4C} = {3E624DFA-D7F6-4570-AC1B-950B003E9EC1}
		{A00B2DB9-1F71-46D8-843E-205B28F0B52F} = {70717D55-6D09-45F4-8F72-867E0D86736D}
	EndGlobalSection
	GlobalSection(ProjectConfigurationPlatforms) = postSolution
		{A00B2DB9-1F71-46D8-843E-205B28F0B52F}.Debug|Any CPU.ActiveCfg = Debug|Any CPU
		{A00B2DB9-1F71-46D8-843E-205B28F0B52F}.Debug|Any CPU.Build.0 = Debug|Any CPU
		{A00B2DB9-1F71-46D8-843E-205B28F0B52F}.Release|Any CPU.ActiveCfg = Release|Any CPU
		{A00B2DB9-1F71-46D8-843E-205B28F0B52F}.Release|Any CPU.Build.0 = Release|Any CPU
	EndGlobalSection
EndGlobal
